
Microsoft Visual Studio Solution File, Format Version 12.00
# Visual Studio Version 16
VisualStudioVersion = 16.0.32228.343
MinimumVisualStudioVersion = 10.0.40219.1
Project("{FAE04EC0-301F-11D3-BF4B-00C04F79EFBC}") = "arduino_project", "arduino_project\arduino_project.csproj", "{C1A12A57-C1C3-4BC4-8B77-68BFED828A79}"
EndProject
Global
	GlobalSection(SolutionConfigurationPlatforms) = preSolution
		Debug|Any CPU = Debug|Any CPU
		Release|Any CPU = Release|Any CPU
	EndGlobalSection
	GlobalSection(ProjectConfigurationPlatforms) = postSolution
		{C1A12A57-C1C3-4BC4-8B77-68BFED828A79}.Debug|Any CPU.ActiveCfg = Debug|Any CPU
		{C1A12A57-C1C3-4BC4-8B77-68BFED828A79}.Debug|Any CPU.Build.0 = Debug|Any CPU
		{C1A12A57-C1C3-4BC4-8B77-68BFED828A79}.Release|Any CPU.ActiveCfg = Release|Any CPU
		{C1A12A57-C1C3-4BC4-8B77-68BFED828A79}.Release|Any CPU.Build.0 = Release|Any CPU
	EndGlobalSection
	GlobalSection(SolutionProperties) = preSolution
		HideSolutionNode = FALSE
	EndGlobalSection
	GlobalSection(ExtensibilityGlobals) = postSolution
		SolutionGuid = {353B9653-1267-4600-BF41-D0232B8028FE}
	EndGlobalSection
EndGlobal
